
Microsoft Visual Studio Solution File, Format Version 12.00
# Visual Studio 15
VisualStudioVersion = 15.0.28010.2050
MinimumVisualStudioVersion = 10.0.40219.1
Project("{FAE04EC0-301F-11D3-BF4B-00C04F79EFBC}") = "5_1JimenezAhumadaJonatanAlberto", "5_1JimenezAhumadaJonatanAlberto\5_1JimenezAhumadaJonatanAlberto.csproj", "{B376DEF9-9288-4B89-AB8E-FE2527F1F326}"
EndProject
Global
	GlobalSection(SolutionConfigurationPlatforms) = preSolution
		Debug|Any CPU = Debug|Any CPU
		Release|Any CPU = Release|Any CPU
	EndGlobalSection
	GlobalSection(ProjectConfigurationPlatforms) = postSolution
		{B376DEF9-9288-4B89-AB8E-FE2527F1F326}.Debug|Any CPU.ActiveCfg = Debug|Any CPU
		{B376DEF9-9288-4B89-AB8E-FE2527F1F326}.Debug|Any CPU.Build.0 = Debug|Any CPU
		{B376DEF9-9288-4B89-AB8E-FE2527F1F326}.Release|Any CPU.ActiveCfg = Release|Any CPU
		{B376DEF9-9288-4B89-AB8E-FE2527F1F326}.Release|Any CPU.Build.0 = Release|Any CPU
	EndGlobalSection
	GlobalSection(SolutionProperties) = preSolution
		HideSolutionNode = FALSE
	EndGlobalSection
	GlobalSection(ExtensibilityGlobals) = postSolution
		SolutionGuid = {1D4CD243-8955-4222-BC72-BC2AE597E486}
	EndGlobalSection
EndGlobal
